{
  "version": 4,
  "terraform_version": "1.10.1",
  "serial": 21,
  "lineage": "5a3da3ae-27e5-5543-2121-14ea56219f19",
  "outputs": {},
  "resources": [
    {
      "mode": "data",
      "type": "azurerm_client_config",
      "name": "current",
      "provider": "provider[\"registry.terraform.io/hashicorp/azurerm\"]",
      "instances": [
        {
          "schema_version": 0,
          "attributes": {
            "client_id": "04b07795-8ddb-461a-bbee-02f9e1bf7b46",
            "id": "Y2xpZW50Q29uZmlncy9jbGllbnRJZD0wNGIwNzc5NS04ZGRiLTQ2MWEtYmJlZS0wMmY5ZTFiZjdiNDY7b2JqZWN0SWQ9MDY4MjlmYTUtMWUyZi00YWUwLThkZDQtODc5MDA3NzFlZjljO3N1YnNjcmlwdGlvbklkPWFkOWQwNTI5LTQ5YmYtNDU5YS04NmIyLWRjYjZmY2JmOWYzZDt0ZW5hbnRJZD05MzA3YTM1OC01MTZmLTRmY2QtYTgwZi01NWNmMThlNGU1MjA=",
            "object_id": "06829fa5-1e2f-4ae0-8dd4-87900771ef9c",
            "subscription_id": "ad9d0529-49bf-459a-86b2-dcb6fcbf9f3d",
            "tenant_id": "9307a358-516f-4fcd-a80f-55cf18e4e520",
            "timeouts": null
          },
          "sensitive_attributes": []
        }
      ]
    },
    {
      "mode": "data",
      "type": "github_repository",
      "name": "adv",
      "provider": "provider[\"registry.terraform.io/integrations/github\"]",
      "instances": [
        {
          "schema_version": 0,
          "attributes": {
            "allow_auto_merge": false,
            "allow_merge_commit": true,
            "allow_rebase_merge": true,
            "allow_squash_merge": true,
            "allow_update_branch": false,
            "archived": false,
            "default_branch": "main",
            "delete_branch_on_merge": false,
            "description": "",
            "fork": false,
            "full_name": "tapansam/terraform-poc",
            "git_clone_url": "git://github.com/tapansam/terraform-poc.git",
            "has_discussions": false,
            "has_downloads": true,
            "has_issues": true,
            "has_projects": true,
            "has_wiki": true,
            "homepage_url": "",
            "html_url": "https://github.com/tapansam/terraform-poc",
            "http_clone_url": "https://github.com/tapansam/terraform-poc.git",
            "id": "terraform-poc",
            "is_template": false,
            "merge_commit_message": "PR_TITLE",
            "merge_commit_title": "MERGE_MESSAGE",
            "name": "terraform-poc",
            "node_id": "R_kgDONYYyDg",
            "pages": [],
            "primary_language": "HTML",
            "private": false,
            "repo_id": 897987086,
            "repository_license": [],
            "squash_merge_commit_message": "COMMIT_MESSAGES",
            "squash_merge_commit_title": "COMMIT_OR_PR_TITLE",
            "ssh_clone_url": "git@github.com:tapansam/terraform-poc.git",
            "svn_url": "https://github.com/tapansam/terraform-poc",
            "template": [],
            "topics": [],
            "visibility": "public"
          },
          "sensitive_attributes": []
        }
      ]
    },
    {
      "mode": "managed",
      "type": "azurerm_federated_identity_credential",
      "name": "adv",
      "provider": "provider[\"registry.terraform.io/hashicorp/azurerm\"]",
      "instances": [
        {
          "index_key": "dev",
          "schema_version": 0,
          "attributes": {
            "audience": [
              "api://AzureADTokenExchange"
            ],
            "id": "/subscriptions/ad9d0529-49bf-459a-86b2-dcb6fcbf9f3d/resourceGroups/rg-adv-tf-demo-identity/providers/Microsoft.ManagedIdentity/userAssignedIdentities/adv-tf-demo-dev/federatedIdentityCredentials/tapansam-terraform-poc-dev",
            "issuer": "https://token.actions.githubusercontent.com",
            "name": "tapansam-terraform-poc-dev",
            "parent_id": "/subscriptions/ad9d0529-49bf-459a-86b2-dcb6fcbf9f3d/resourceGroups/rg-adv-tf-demo-identity/providers/Microsoft.ManagedIdentity/userAssignedIdentities/adv-tf-demo-dev",
            "resource_group_name": "rg-adv-tf-demo-identity",
            "subject": "repo:tapansam/terraform-poc:environment:dev",
            "timeouts": null
          },
          "sensitive_attributes": [],
          "private": "eyJlMmJmYjczMC1lY2FhLTExZTYtOGY4OC0zNDM2M2JjN2M0YzAiOnsiY3JlYXRlIjoxODAwMDAwMDAwMDAwLCJkZWxldGUiOjE4MDAwMDAwMDAwMDAsInJlYWQiOjMwMDAwMDAwMDAwMCwidXBkYXRlIjoxODAwMDAwMDAwMDAwfX0=",
          "dependencies": [
            "azurerm_resource_group.identity",
            "azurerm_user_assigned_identity.adv",
            "data.github_repository.adv"
          ]
        },
        {
          "index_key": "prod",
          "schema_version": 0,
          "attributes": {
            "audience": [
              "api://AzureADTokenExchange"
            ],
            "id": "/subscriptions/ad9d0529-49bf-459a-86b2-dcb6fcbf9f3d/resourceGroups/rg-adv-tf-demo-identity/providers/Microsoft.ManagedIdentity/userAssignedIdentities/adv-tf-demo-prod/federatedIdentityCredentials/tapansam-terraform-poc-prod",
            "issuer": "https://token.actions.githubusercontent.com",
            "name": "tapansam-terraform-poc-prod",
            "parent_id": "/subscriptions/ad9d0529-49bf-459a-86b2-dcb6fcbf9f3d/resourceGroups/rg-adv-tf-demo-identity/providers/Microsoft.ManagedIdentity/userAssignedIdentities/adv-tf-demo-prod",
            "resource_group_name": "rg-adv-tf-demo-identity",
            "subject": "repo:tapansam/terraform-poc:environment:prod",
            "timeouts": null
          },
          "sensitive_attributes": [],
          "private": "eyJlMmJmYjczMC1lY2FhLTExZTYtOGY4OC0zNDM2M2JjN2M0YzAiOnsiY3JlYXRlIjoxODAwMDAwMDAwMDAwLCJkZWxldGUiOjE4MDAwMDAwMDAwMDAsInJlYWQiOjMwMDAwMDAwMDAwMCwidXBkYXRlIjoxODAwMDAwMDAwMDAwfX0=",
          "dependencies": [
            "azurerm_resource_group.identity",
            "azurerm_user_assigned_identity.adv",
            "data.github_repository.adv"
          ]
        },
        {
          "index_key": "test",
          "schema_version": 0,
          "attributes": {
            "audience": [
              "api://AzureADTokenExchange"
            ],
            "id": "/subscriptions/ad9d0529-49bf-459a-86b2-dcb6fcbf9f3d/resourceGroups/rg-adv-tf-demo-identity/providers/Microsoft.ManagedIdentity/userAssignedIdentities/adv-tf-demo-test/federatedIdentityCredentials/tapansam-terraform-poc-test",
            "issuer": "https://token.actions.githubusercontent.com",
            "name": "tapansam-terraform-poc-test",
            "parent_id": "/subscriptions/ad9d0529-49bf-459a-86b2-dcb6fcbf9f3d/resourceGroups/rg-adv-tf-demo-identity/providers/Microsoft.ManagedIdentity/userAssignedIdentities/adv-tf-demo-test",
            "resource_group_name": "rg-adv-tf-demo-identity",
            "subject": "repo:tapansam/terraform-poc:environment:test",
            "timeouts": null
          },
          "sensitive_attributes": [],
          "private": "eyJlMmJmYjczMC1lY2FhLTExZTYtOGY4OC0zNDM2M2JjN2M0YzAiOnsiY3JlYXRlIjoxODAwMDAwMDAwMDAwLCJkZWxldGUiOjE4MDAwMDAwMDAwMDAsInJlYWQiOjMwMDAwMDAwMDAwMCwidXBkYXRlIjoxODAwMDAwMDAwMDAwfX0=",
          "dependencies": [
            "azurerm_resource_group.identity",
            "azurerm_user_assigned_identity.adv",
            "data.github_repository.adv"
          ]
        }
      ]
    },
    {
      "mode": "managed",
      "type": "azurerm_resource_group",
      "name": "adv",
      "provider": "provider[\"registry.terraform.io/hashicorp/azurerm\"]",
      "instances": [
        {
          "index_key": "dev",
          "schema_version": 0,
          "attributes": {
            "id": "/subscriptions/ad9d0529-49bf-459a-86b2-dcb6fcbf9f3d/resourceGroups/rg-adv-tf-demo-dev",
            "location": "centralindia",
            "managed_by": "",
            "name": "rg-adv-tf-demo-dev",
            "tags": {},
            "timeouts": null
          },
          "sensitive_attributes": [],
          "private": "eyJlMmJmYjczMC1lY2FhLTExZTYtOGY4OC0zNDM2M2JjN2M0YzAiOnsiY3JlYXRlIjo1NDAwMDAwMDAwMDAwLCJkZWxldGUiOjU0MDAwMDAwMDAwMDAsInJlYWQiOjMwMDAwMDAwMDAwMCwidXBkYXRlIjo1NDAwMDAwMDAwMDAwfX0="
        },
        {
          "index_key": "prod",
          "schema_version": 0,
          "attributes": {
            "id": "/subscriptions/ad9d0529-49bf-459a-86b2-dcb6fcbf9f3d/resourceGroups/rg-adv-tf-demo-prod",
            "location": "centralindia",
            "managed_by": "",
            "name": "rg-adv-tf-demo-prod",
            "tags": {},
            "timeouts": null
          },
          "sensitive_attributes": [],
          "private": "eyJlMmJmYjczMC1lY2FhLTExZTYtOGY4OC0zNDM2M2JjN2M0YzAiOnsiY3JlYXRlIjo1NDAwMDAwMDAwMDAwLCJkZWxldGUiOjU0MDAwMDAwMDAwMDAsInJlYWQiOjMwMDAwMDAwMDAwMCwidXBkYXRlIjo1NDAwMDAwMDAwMDAwfX0="
        },
        {
          "index_key": "test",
          "schema_version": 0,
          "attributes": {
            "id": "/subscriptions/ad9d0529-49bf-459a-86b2-dcb6fcbf9f3d/resourceGroups/rg-adv-tf-demo-test",
            "location": "centralindia",
            "managed_by": "",
            "name": "rg-adv-tf-demo-test",
            "tags": {},
            "timeouts": null
          },
          "sensitive_attributes": [],
          "private": "eyJlMmJmYjczMC1lY2FhLTExZTYtOGY4OC0zNDM2M2JjN2M0YzAiOnsiY3JlYXRlIjo1NDAwMDAwMDAwMDAwLCJkZWxldGUiOjU0MDAwMDAwMDAwMDAsInJlYWQiOjMwMDAwMDAwMDAwMCwidXBkYXRlIjo1NDAwMDAwMDAwMDAwfX0="
        }
      ]
    },
    {
      "mode": "managed",
      "type": "azurerm_resource_group",
      "name": "identity",
      "provider": "provider[\"registry.terraform.io/hashicorp/azurerm\"]",
      "instances": [
        {
          "schema_version": 0,
          "attributes": {
            "id": "/subscriptions/ad9d0529-49bf-459a-86b2-dcb6fcbf9f3d/resourceGroups/rg-adv-tf-demo-identity",
            "location": "centralindia",
            "managed_by": "",
            "name": "rg-adv-tf-demo-identity",
            "tags": {},
            "timeouts": null
          },
          "sensitive_attributes": [],
          "private": "eyJlMmJmYjczMC1lY2FhLTExZTYtOGY4OC0zNDM2M2JjN2M0YzAiOnsiY3JlYXRlIjo1NDAwMDAwMDAwMDAwLCJkZWxldGUiOjU0MDAwMDAwMDAwMDAsInJlYWQiOjMwMDAwMDAwMDAwMCwidXBkYXRlIjo1NDAwMDAwMDAwMDAwfX0="
        }
      ]
    },
    {
      "mode": "managed",
      "type": "azurerm_resource_group",
      "name": "state",
      "provider": "provider[\"registry.terraform.io/hashicorp/azurerm\"]",
      "instances": [
        {
          "schema_version": 0,
          "attributes": {
            "id": "/subscriptions/ad9d0529-49bf-459a-86b2-dcb6fcbf9f3d/resourceGroups/rg-adv-tf-demo-state",
            "location": "centralindia",
            "managed_by": "",
            "name": "rg-adv-tf-demo-state",
            "tags": {},
            "timeouts": null
          },
          "sensitive_attributes": [],
          "private": "eyJlMmJmYjczMC1lY2FhLTExZTYtOGY4OC0zNDM2M2JjN2M0YzAiOnsiY3JlYXRlIjo1NDAwMDAwMDAwMDAwLCJkZWxldGUiOjU0MDAwMDAwMDAwMDAsInJlYWQiOjMwMDAwMDAwMDAwMCwidXBkYXRlIjo1NDAwMDAwMDAwMDAwfX0="
        }
      ]
    },
    {
      "mode": "managed",
      "type": "azurerm_user_assigned_identity",
      "name": "adv",
      "provider": "provider[\"registry.terraform.io/hashicorp/azurerm\"]",
      "instances": [
        {
          "index_key": "dev",
          "schema_version": 1,
          "attributes": {
            "client_id": "031bd11f-830e-497d-a875-2f81f92797af",
            "id": "/subscriptions/ad9d0529-49bf-459a-86b2-dcb6fcbf9f3d/resourceGroups/rg-adv-tf-demo-identity/providers/Microsoft.ManagedIdentity/userAssignedIdentities/adv-tf-demo-dev",
            "location": "centralindia",
            "name": "adv-tf-demo-dev",
            "principal_id": "d18f693a-1db0-40c3-8223-90479aa0f63b",
            "resource_group_name": "rg-adv-tf-demo-identity",
            "tags": {},
            "tenant_id": "9307a358-516f-4fcd-a80f-55cf18e4e520",
            "timeouts": null
          },
          "sensitive_attributes": [],
          "private": "eyJlMmJmYjczMC1lY2FhLTExZTYtOGY4OC0zNDM2M2JjN2M0YzAiOnsiY3JlYXRlIjoxODAwMDAwMDAwMDAwLCJkZWxldGUiOjE4MDAwMDAwMDAwMDAsInJlYWQiOjMwMDAwMDAwMDAwMCwidXBkYXRlIjoxODAwMDAwMDAwMDAwfSwic2NoZW1hX3ZlcnNpb24iOiIxIn0=",
          "dependencies": [
            "azurerm_resource_group.identity"
          ]
        },
        {
          "index_key": "prod",
          "schema_version": 1,
          "attributes": {
            "client_id": "b3520387-5682-4333-9f69-0ac35d54b20e",
            "id": "/subscriptions/ad9d0529-49bf-459a-86b2-dcb6fcbf9f3d/resourceGroups/rg-adv-tf-demo-identity/providers/Microsoft.ManagedIdentity/userAssignedIdentities/adv-tf-demo-prod",
            "location": "centralindia",
            "name": "adv-tf-demo-prod",
            "principal_id": "ab26ed47-8bd9-49a6-8f87-6311ab536d57",
            "resource_group_name": "rg-adv-tf-demo-identity",
            "tags": {},
            "tenant_id": "9307a358-516f-4fcd-a80f-55cf18e4e520",
            "timeouts": null
          },
          "sensitive_attributes": [],
          "private": "eyJlMmJmYjczMC1lY2FhLTExZTYtOGY4OC0zNDM2M2JjN2M0YzAiOnsiY3JlYXRlIjoxODAwMDAwMDAwMDAwLCJkZWxldGUiOjE4MDAwMDAwMDAwMDAsInJlYWQiOjMwMDAwMDAwMDAwMCwidXBkYXRlIjoxODAwMDAwMDAwMDAwfSwic2NoZW1hX3ZlcnNpb24iOiIxIn0=",
          "dependencies": [
            "azurerm_resource_group.identity"
          ]
        },
        {
          "index_key": "test",
          "schema_version": 1,
          "attributes": {
            "client_id": "106c1848-74eb-42d4-a3f0-1d56a49e1333",
            "id": "/subscriptions/ad9d0529-49bf-459a-86b2-dcb6fcbf9f3d/resourceGroups/rg-adv-tf-demo-identity/providers/Microsoft.ManagedIdentity/userAssignedIdentities/adv-tf-demo-test",
            "location": "centralindia",
            "name": "adv-tf-demo-test",
            "principal_id": "07743c30-a4e1-4847-9678-b9ccc5191ffd",
            "resource_group_name": "rg-adv-tf-demo-identity",
            "tags": {},
            "tenant_id": "9307a358-516f-4fcd-a80f-55cf18e4e520",
            "timeouts": null
          },
          "sensitive_attributes": [],
          "private": "eyJlMmJmYjczMC1lY2FhLTExZTYtOGY4OC0zNDM2M2JjN2M0YzAiOnsiY3JlYXRlIjoxODAwMDAwMDAwMDAwLCJkZWxldGUiOjE4MDAwMDAwMDAwMDAsInJlYWQiOjMwMDAwMDAwMDAwMCwidXBkYXRlIjoxODAwMDAwMDAwMDAwfSwic2NoZW1hX3ZlcnNpb24iOiIxIn0=",
          "dependencies": [
            "azurerm_resource_group.identity"
          ]
        }
      ]
    }
  ],
  "check_results": null
}
